
Microsoft Visual Studio Solution File, Format Version 12.00
# Visual Studio Version 17
VisualStudioVersion = 17.2.32526.322
MinimumVisualStudioVersion = 10.0.40219.1
Project("{9A19103F-16F7-4668-BE54-9A1E7A4F7556}") = "CoolPlace.Core", "CoolPlace.Core\CoolPlace.Core.csproj", "{491EF192-DC76-45EE-9D6E-C6F80E2EBE65}"
EndProject
Project("{9A19103F-16F7-4668-BE54-9A1E7A4F7556}") = "CoolPlace.Tests", "CoolPlace.Tests\CoolPlace.Tests.csproj", "{D31F32EC-DA36-4F64-9009-1F851E5DB4D6}"
EndProject
Project("{FAE04EC0-301F-11D3-BF4B-00C04F79EFBC}") = "CoolPlace.Console", "CoolPlace.Console\CoolPlace.Console.csproj", "{441B28C7-F6DC-4DCA-8642-730F75B6D420}"
EndProject
Global
	GlobalSection(SolutionConfigurationPlatforms) = preSolution
		Debug|Any CPU = Debug|Any CPU
		Release|Any CPU = Release|Any CPU
	EndGlobalSection
	GlobalSection(ProjectConfigurationPlatforms) = postSolution
		{491EF192-DC76-45EE-9D6E-C6F80E2EBE65}.Debug|Any CPU.ActiveCfg = Debug|Any CPU
		{491EF192-DC76-45EE-9D6E-C6F80E2EBE65}.Debug|Any CPU.Build.0 = Debug|Any CPU
		{491EF192-DC76-45EE-9D6E-C6F80E2EBE65}.Release|Any CPU.ActiveCfg = Release|Any CPU
		{491EF192-DC76-45EE-9D6E-C6F80E2EBE65}.Release|Any CPU.Build.0 = Release|Any CPU
		{D31F32EC-DA36-4F64-9009-1F851E5DB4D6}.Debug|Any CPU.ActiveCfg = Debug|Any CPU
		{D31F32EC-DA36-4F64-9009-1F851E5DB4D6}.Debug|Any CPU.Build.0 = Debug|Any CPU
		{D31F32EC-DA36-4F64-9009-1F851E5DB4D6}.Release|Any CPU.ActiveCfg = Release|Any CPU
		{D31F32EC-DA36-4F64-9009-1F851E5DB4D6}.Release|Any CPU.Build.0 = Release|Any CPU
		{441B28C7-F6DC-4DCA-8642-730F75B6D420}.Debug|Any CPU.ActiveCfg = Debug|Any CPU
		{441B28C7-F6DC-4DCA-8642-730F75B6D420}.Debug|Any CPU.Build.0 = Debug|Any CPU
		{441B28C7-F6DC-4DCA-8642-730F75B6D420}.Release|Any CPU.ActiveCfg = Release|Any CPU
		{441B28C7-F6DC-4DCA-8642-730F75B6D420}.Release|Any CPU.Build.0 = Release|Any CPU
	EndGlobalSection
	GlobalSection(SolutionProperties) = preSolution
		HideSolutionNode = FALSE
	EndGlobalSection
	GlobalSection(ExtensibilityGlobals) = postSolution
		SolutionGuid = {FB097631-17B6-4AEE-A967-6C1177D18DB4}
	EndGlobalSection
EndGlobal
